github.com/goceleris/celeris v1.4.16-0.20260610105157-7beebb9184b5 h1:sKMk5uDd71mL60XijEKyPgkDoLdynzNfFRajwkHJa04=
github.com/goceleris/celeris v1.4.16-0.20260610105157-7beebb9184b5/go.mod h1:vEvLb5xgX0Is0O/VMIWAPikcwZ5ZIfdf+qWMXwgVqME=
golang.org/x/net v0.55.0 h1:bcvxaJn3e1U6InsFWt1JUq1aSjnRxLzT2rtD2KfkDF8=
golang.org/x/net v0.55.0/go.mod h1:L5U2KuzuOe1lY7Z+aWVIKK6qEeJXnXV9yzGA+WCHJww=
golang.org/x/sys v0.45.0 h1:dO4czNzziLiiXplLQgBCEpCvXQ3dnkn0SdaZSYdQ+FY=
golang.org/x/sys v0.45.0/go.mod h1:4GL1E5IUh+htKOUEOaiffhrAeqysfVGipDYzABqnCmw=
golang.org/x/text v0.37.0 h1:Cqjiwd9eSg8e0QAkyCaQTNHFIIzWtidPahFWR83rTrc=
golang.org/x/text v0.37.0/go.mod h1:a5sjxXGs9hsn/AJVwuElvCAo9v8QYLzvavO5z2PiM38=
