github.com/goceleris/celeris v1.5.12-0.20261009135804-21d49ef80efc h1:yqfl4nFuRh3rc7ChjALWOE8u4/saKYLMx3UdRU5HKL8=
github.com/goceleris/celeris v1.5.12-0.20261009135804-21d49ef80efc/go.mod h1:LU1VeQpzA2SRoKQJ5Bbi6D9R0zoAVJ/DCppGXSjdcSI=
golang.org/x/net v0.60.0 h1:79p50tfZlm0J9YfoDsSi639qSXNGVwEzOPLCxM2FsYU=
golang.org/x/net v0.60.0/go.mod h1:2DA/G1UfVbCpQPeWTmMPGY7Cs2PkBkwu743bVX5PIVg=
golang.org/x/sys v0.48.0 h1:bbX/i/6MgT9BVLM9RT1thmxL04yeTAhbEz4SyadbXoo=
golang.org/x/sys v0.48.0/go.mod h1:hNLxWAXmnKAxqDtdwIYC4bM9oQPEecfsnNMuSxOs3og=
golang.org/x/text v0.42.0 h1:JbOZXgfeCPU9gacVtYliJqOhD+zhrEqK4LfdpmlUZqI=
golang.org/x/text v0.42.0/go.mod h1:ojzP1Z+2QtioaF8DTtO8K5q7JWVVYwZKenzujK0Zd0E=
