{
  "name": "probatorium-uws-server",
  "lockfileVersion": 3,
  "requires": true,
  "packages": {
    "": {
      "name": "probatorium-uws-server",
      "dependencies": {
        "uWebSockets.js": "uNetworking/uWebSockets.js#v20.68.0"
      }
    },
    "node_modules/uWebSockets.js": {
      "version": "20.68.0",
      "resolved": "git+ssh://git@github.com/uNetworking/uWebSockets.js.git#624987739d4da0acb628aaf2a10fc43e7ce27c5c",
      "license": "Apache-2.0"
    }
  }
}
