{
  "name": "probatorium-uws-server",
  "lockfileVersion": 3,
  "requires": true,
  "packages": {
    "": {
      "name": "probatorium-uws-server",
      "dependencies": {
        "uWebSockets.js": "uNetworking/uWebSockets.js#v20.70.0"
      }
    },
    "node_modules/uWebSockets.js": {
      "version": "20.70.0",
      "resolved": "git+ssh://git@github.com/uNetworking/uWebSockets.js.git#b1092c70692ddbcc87464a77da44848614f6342a",
      "integrity": "sha512-Gq2IGqkrJKWh1HRTC5vyAMHq8VxceQpikX2v5YkmUIRdeO/Xz4RO9PYdKEBaZrGsW2vOSTUAIQ2XOjF+RGlBTg==",
      "license": "Apache-2.0"
    }
  }
}
