{
  "name": "probatorium-uws-server",
  "lockfileVersion": 3,
  "requires": true,
  "packages": {
    "": {
      "name": "probatorium-uws-server",
      "dependencies": {
        "uWebSockets.js": "uNetworking/uWebSockets.js#v20.69.0"
      }
    },
    "node_modules/uWebSockets.js": {
      "version": "20.69.0",
      "resolved": "git+ssh://git@github.com/uNetworking/uWebSockets.js.git#dddd8ffd1b2c28a66022160923ca92f064cdacb4",
      "integrity": "sha512-64nnioHLm9nutqgi7g6wdNlljSUPmZCllVQy3NtI3jPVDZDMfxIkiPuwYz6OqBuznbrO1LbXe/0035wL7zuqkw==",
      "license": "Apache-2.0"
    }
  }
}
