github.com/goceleris/celeris v1.4.11-0.20260525220316-887293ce82c4 h1:qWL+h4YRYT0FqbzJcWZeGKnO7G8PmYlIKNKFFiuSpj4=
github.com/goceleris/celeris v1.4.11-0.20260525220316-887293ce82c4/go.mod h1:GT6foafNObnmOIfSoPcrojPGGkv/F/GMF8sLNHqxRoA=
github.com/goceleris/celeris v1.4.11-0.20260526011131-6dbbf021d57d h1:lg1RmdCBOGpd8d6Amdc83xaBxkUiDY3ErsBhDihNL2E=
github.com/goceleris/celeris v1.4.11-0.20260526011131-6dbbf021d57d/go.mod h1:GT6foafNObnmOIfSoPcrojPGGkv/F/GMF8sLNHqxRoA=
github.com/goceleris/celeris v1.4.11-0.20260526012035-3b9d643e817a h1:ROGaH1yc3thVw5ra8XE70613SILqIwUABLEblZp4rjw=
github.com/goceleris/celeris v1.4.11-0.20260526012035-3b9d643e817a/go.mod h1:GT6foafNObnmOIfSoPcrojPGGkv/F/GMF8sLNHqxRoA=
github.com/goceleris/celeris v1.4.11-0.20260526012555-d42fb2c9d55d h1:Ry6bCVoEzq8UdN0Jjjv11kssYzZxv3dpriMHfMXDuvk=
github.com/goceleris/celeris v1.4.11-0.20260526012555-d42fb2c9d55d/go.mod h1:GT6foafNObnmOIfSoPcrojPGGkv/F/GMF8sLNHqxRoA=
github.com/goceleris/celeris v1.4.11-0.20260526023925-e1d326bbfe4f h1:KbgzG9s+3awiVcEhM6FB9GTL6MdabAgfFS2okxGeQdA=
github.com/goceleris/celeris v1.4.11-0.20260526023925-e1d326bbfe4f/go.mod h1:GT6foafNObnmOIfSoPcrojPGGkv/F/GMF8sLNHqxRoA=
github.com/goceleris/celeris v1.4.11-0.20260526041626-4382283c8054 h1:mVWnemU9VpQG42Kg+DDqzV/iyR5bsd7H8wQ485H3AmY=
github.com/goceleris/celeris v1.4.11-0.20260526041626-4382283c8054/go.mod h1:GT6foafNObnmOIfSoPcrojPGGkv/F/GMF8sLNHqxRoA=
github.com/goceleris/celeris v1.4.11-0.20260526054704-c8d290777ff6 h1:ECDQdICEPxR77H835Tti9CLDWr3bTkcIn7sND8EEA84=
github.com/goceleris/celeris v1.4.11-0.20260526054704-c8d290777ff6/go.mod h1:GT6foafNObnmOIfSoPcrojPGGkv/F/GMF8sLNHqxRoA=
github.com/goceleris/celeris v1.4.11 h1:9bg2wW9f45Ui/+S9y2QVTJbRz5MAXMQtGAODhARckgE=
github.com/goceleris/celeris v1.4.11/go.mod h1:GT6foafNObnmOIfSoPcrojPGGkv/F/GMF8sLNHqxRoA=
golang.org/x/net v0.54.0 h1:2zJIZAxAHV/OHCDTCOHAYehQzLfSXuf/5SoL/Dv6w/w=
golang.org/x/net v0.54.0/go.mod h1:Sj4oj8jK6XmHpBZU/zWHw3BV3abl4Kvi+Ut7cQcY+cQ=
golang.org/x/sys v0.44.0 h1:ildZl3J4uzeKP07r2F++Op7E9B29JRUy+a27EibtBTQ=
golang.org/x/sys v0.44.0/go.mod h1:4GL1E5IUh+htKOUEOaiffhrAeqysfVGipDYzABqnCmw=
golang.org/x/text v0.37.0 h1:Cqjiwd9eSg8e0QAkyCaQTNHFIIzWtidPahFWR83rTrc=
golang.org/x/text v0.37.0/go.mod h1:a5sjxXGs9hsn/AJVwuElvCAo9v8QYLzvavO5z2PiM38=
